github.com/imfing/hextra v0.11.1 h1:8pTc4ReYbzGTHAnyiebmlT3ijFfIXiGu1r7tM/UGjFI=
github.com/imfing/hextra v0.11.1/go.mod h1:cEfel3lU/bSx7lTE/+uuR4GJaphyOyiwNR3PTqFTXpI=
github.com/mandarvaze/hugo-microblog v0.0.0-20260626110340-f5a1a8c4d41b h1:uAU0ohNQVMXy9ApLyV22/K35fREoRDSF1AKoKfTFzNY=
github.com/mandarvaze/hugo-microblog v0.0.0-20260626110340-f5a1a8c4d41b/go.mod h1:Cyw0uxAc9j8an1GDY/SYmgseQf2vNmBG6l4rJqC2UwM=
